// !$*UTF8*$!
{
	archiveVersion = 1;
	classes = {
	};
	objectVersion = 55;
	objects = {

/* Begin PBXBuildFile section */
		463BCE662801348E00C29EE0 /* GradientBorderedLabelView.swift in Sources */ = {isa = PBXBuildFile; fileRef = 463BCE652801348E00C29EE0 /* GradientBorderedLabelView.swift */; };
		465EFB9027E099D100DD4C60 /* NetWork.swift in Sources */ = {isa = PBXBuildFile; fileRef = 465EFB8F27E099D100DD4C60 /* NetWork.swift */; };
		466FB02827E97B450072E8D6 /* FloatLayoutView.swift in Sources */ = {isa = PBXBuildFile; fileRef = 466FB02727E97B450072E8D6 /* FloatLayoutView.swift */; };
		46DB088A27B4E89B0043D57F /* AppDelegate.swift in Sources */ = {isa = PBXBuildFile; fileRef = 46DB088927B4E89B0043D57F /* AppDelegate.swift */; };
		46DB088C27B4E89B0043D57F /* SceneDelegate.swift in Sources */ = {isa = PBXBuildFile; fileRef = 46DB088B27B4E89B0043D57F /* SceneDelegate.swift */; };
		46DB088E27B4E89B0043D57F /* ViewController.swift in Sources */ = {isa = PBXBuildFile; fileRef = 46DB088D27B4E89B0043D57F /* ViewController.swift */; };
		46DB089127B4E89B0043D57F /* Main.storyboard in Resources */ = {isa = PBXBuildFile; fileRef = 46DB088F27B4E89B0043D57F /* Main.storyboard */; };
		46DB089327B4E89D0043D57F /* Assets.xcassets in Resources */ = {isa = PBXBuildFile; fileRef = 46DB089227B4E89D0043D57F /* Assets.xcassets */; };
		46DB089627B4E89D0043D57F /* LaunchScreen.storyboard in Resources */ = {isa = PBXBuildFile; fileRef = 46DB089427B4E89D0043D57F /* LaunchScreen.storyboard */; };
		46DB08A127B4E89D0043D57F /* InternationalizationTestTests.swift in Sources */ = {isa = PBXBuildFile; fileRef = 46DB08A027B4E89D0043D57F /* InternationalizationTestTests.swift */; };
		46DB08AB27B4E89E0043D57F /* InternationalizationTestUITests.swift in Sources */ = {isa = PBXBuildFile; fileRef = 46DB08AA27B4E89E0043D57F /* InternationalizationTestUITests.swift */; };
		46DB08AD27B4E89E0043D57F /* InternationalizationTestUITestsLaunchTests.swift in Sources */ = {isa = PBXBuildFile; fileRef = 46DB08AC27B4E89E0043D57F /* InternationalizationTestUITestsLaunchTests.swift */; };
		46DB08C127B4F7FF0043D57F /* main.strings in Resources */ = {isa = PBXBuildFile; fileRef = 46DB08BF27B4F7FF0043D57F /* main.strings */; };
		46DB08C327B4FC320043D57F /* genstrings.swift in Sources */ = {isa = PBXBuildFile; fileRef = 46DB08C227B4FC320043D57F /* genstrings.swift */; };
		46FB99B027E99D2100FA6053 /* Common in Frameworks */ = {isa = PBXBuildFile; productRef = 46FB99AF27E99D2100FA6053 /* Common */; };
/* End PBXBuildFile section */

/* Begin PBXContainerItemProxy section */
		46DB089D27B4E89D0043D57F /* PBXContainerItemProxy */ = {
			isa = PBXContainerItemProxy;
			containerPortal = 46DB087E27B4E89B0043D57F /* Project object */;
			proxyType = 1;
			remoteGlobalIDString = 46DB088527B4E89B0043D57F;
			remoteInfo = InternationalizationTest;
		};
		46DB08A727B4E89E0043D57F /* PBXContainerItemProxy */ = {
			isa = PBXContainerItemProxy;
			containerPortal = 46DB087E27B4E89B0043D57F /* Project object */;
			proxyType = 1;
			remoteGlobalIDString = 46DB088527B4E89B0043D57F;
			remoteInfo = InternationalizationTest;
		};
/* End PBXContainerItemProxy section */

/* Begin PBXFileReference section */
		463BCE652801348E00C29EE0 /* GradientBorderedLabelView.swift */ = {isa = PBXFileReference; lastKnownFileType = sourcecode.swift; path = GradientBorderedLabelView.swift; sourceTree = "<group>"; };
		465EFB8F27E099D100DD4C60 /* NetWork.swift */ = {isa = PBXFileReference; lastKnownFileType = sourcecode.swift; path = NetWork.swift; sourceTree = "<group>"; };
		466FB02727E97B450072E8D6 /* FloatLayoutView.swift */ = {isa = PBXFileReference; lastKnownFileType = sourcecode.swift; path = FloatLayoutView.swift; sourceTree = "<group>"; };
		46DB088627B4E89B0043D57F /* InternationalizationTest.app */ = {isa = PBXFileReference; explicitFileType = wrapper.application; includeInIndex = 0; path = InternationalizationTest.app; sourceTree = BUILT_PRODUCTS_DIR; };
		46DB088927B4E89B0043D57F /* AppDelegate.swift */ = {isa = PBXFileReference; lastKnownFileType = sourcecode.swift; path = AppDelegate.swift; sourceTree = "<group>"; };
		46DB088B27B4E89B0043D57F /* SceneDelegate.swift */ = {isa = PBXFileReference; lastKnownFileType = sourcecode.swift; path = SceneDelegate.swift; sourceTree = "<group>"; };
		46DB088D27B4E89B0043D57F /* ViewController.swift */ = {isa = PBXFileReference; lastKnownFileType = sourcecode.swift; path = ViewController.swift; sourceTree = "<group>"; };
		46DB089027B4E89B0043D57F /* Base */ = {isa = PBXFileReference; lastKnownFileType = file.storyboard; name = Base; path = Base.lproj/Main.storyboard; sourceTree = "<group>"; };
		46DB089227B4E89D0043D57F /* Assets.xcassets */ = {isa = PBXFileReference; lastKnownFileType = folder.assetcatalog; path = Assets.xcassets; sourceTree = "<group>"; };
		46DB089527B4E89D0043D57F /* Base */ = {isa = PBXFileReference; lastKnownFileType = file.storyboard; name = Base; path = Base.lproj/LaunchScreen.storyboard; sourceTree = "<group>"; };
		46DB089727B4E89D0043D57F /* Info.plist */ = {isa = PBXFileReference; lastKnownFileType = text.plist.xml; path = Info.plist; sourceTree = "<group>"; };
		46DB089C27B4E89D0043D57F /* InternationalizationTestTests.xctest */ = {isa = PBXFileReference; explicitFileType = wrapper.cfbundle; includeInIndex = 0; path = InternationalizationTestTests.xctest; sourceTree = BUILT_PRODUCTS_DIR; };
		46DB08A027B4E89D0043D57F /* InternationalizationTestTests.swift */ = {isa = PBXFileReference; lastKnownFileType = sourcecode.swift; path = InternationalizationTestTests.swift; sourceTree = "<group>"; };
		46DB08A627B4E89E0043D57F /* InternationalizationTestUITests.xctest */ = {isa = PBXFileReference; explicitFileType = wrapper.cfbundle; includeInIndex = 0; path = InternationalizationTestUITests.xctest; sourceTree = BUILT_PRODUCTS_DIR; };
		46DB08AA27B4E89E0043D57F /* InternationalizationTestUITests.swift */ = {isa = PBXFileReference; lastKnownFileType = sourcecode.swift; path = InternationalizationTestUITests.swift; sourceTree = "<group>"; };
		46DB08AC27B4E89E0043D57F /* InternationalizationTestUITestsLaunchTests.swift */ = {isa = PBXFileReference; lastKnownFileType = sourcecode.swift; path = InternationalizationTestUITestsLaunchTests.swift; sourceTree = "<group>"; };
		46DB08C027B4F7FF0043D57F /* en */ = {isa = PBXFileReference; lastKnownFileType = text.plist.strings; name = en; path = en.lproj/main.strings; sourceTree = "<group>"; };
		46DB08C227B4FC320043D57F /* genstrings.swift */ = {isa = PBXFileReference; lastKnownFileType = sourcecode.swift; path = genstrings.swift; sourceTree = "<group>"; };
		46DB08C527B50AB40043D57F /* InternationalizationTest.entitlements */ = {isa = PBXFileReference; lastKnownFileType = text.plist.entitlements; path = InternationalizationTest.entitlements; sourceTree = "<group>"; };
		46FB99AD27E99C8600FA6053 /* Common */ = {isa = PBXFileReference; lastKnownFileType = wrapper; path = Common; sourceTree = "<group>"; };
/* End PBXFileReference section */

/* Begin PBXFrameworksBuildPhase section */
		46DB088327B4E89B0043D57F /* Frameworks */ = {
			isa = PBXFrameworksBuildPhase;
			buildActionMask = 2147483647;
			files = (
				46FB99B027E99D2100FA6053 /* Common in Frameworks */,
			);
			runOnlyForDeploymentPostprocessing = 0;
		};
		46DB089927B4E89D0043D57F /* Frameworks */ = {
			isa = PBXFrameworksBuildPhase;
			buildActionMask = 2147483647;
			files = (
			);
			runOnlyForDeploymentPostprocessing = 0;
		};
		46DB08A327B4E89E0043D57F /* Frameworks */ = {
			isa = PBXFrameworksBuildPhase;
			buildActionMask = 2147483647;
			files = (
			);
			runOnlyForDeploymentPostprocessing = 0;
		};
/* End PBXFrameworksBuildPhase section */

/* Begin PBXGroup section */
		46DB087D27B4E89B0043D57F = {
			isa = PBXGroup;
			children = (
				46FB99AC27E99C8600FA6053 /* Packages */,
				46DB088827B4E89B0043D57F /* InternationalizationTest */,
				46DB089F27B4E89D0043D57F /* InternationalizationTestTests */,
				46DB08A927B4E89E0043D57F /* InternationalizationTestUITests */,
				46DB088727B4E89B0043D57F /* Products */,
				46FB99AE27E99D2100FA6053 /* Frameworks */,
			);
			sourceTree = "<group>";
		};
		46DB088727B4E89B0043D57F /* Products */ = {
			isa = PBXGroup;
			children = (
				46DB088627B4E89B0043D57F /* InternationalizationTest.app */,
				46DB089C27B4E89D0043D57F /* InternationalizationTestTests.xctest */,
				46DB08A627B4E89E0043D57F /* InternationalizationTestUITests.xctest */,
			);
			name = Products;
			sourceTree = "<group>";
		};
		46DB088827B4E89B0043D57F /* InternationalizationTest */ = {
			isa = PBXGroup;
			children = (
				46DB08C527B50AB40043D57F /* InternationalizationTest.entitlements */,
				46DB08BF27B4F7FF0043D57F /* main.strings */,
				46DB088927B4E89B0043D57F /* AppDelegate.swift */,
				46DB088B27B4E89B0043D57F /* SceneDelegate.swift */,
				46DB088D27B4E89B0043D57F /* ViewController.swift */,
				466FB02727E97B450072E8D6 /* FloatLayoutView.swift */,
				463BCE652801348E00C29EE0 /* GradientBorderedLabelView.swift */,
				46DB08C227B4FC320043D57F /* genstrings.swift */,
				465EFB8F27E099D100DD4C60 /* NetWork.swift */,
				46DB088F27B4E89B0043D57F /* Main.storyboard */,
				46DB089227B4E89D0043D57F /* Assets.xcassets */,
				46DB089427B4E89D0043D57F /* LaunchScreen.storyboard */,
				46DB089727B4E89D0043D57F /* Info.plist */,
			);
			path = InternationalizationTest;
			sourceTree = "<group>";
		};
		46DB089F27B4E89D0043D57F /* InternationalizationTestTests */ = {
			isa = PBXGroup;
			children = (
				46DB08A027B4E89D0043D57F /* InternationalizationTestTests.swift */,
			);
			path = InternationalizationTestTests;
			sourceTree = "<group>";
		};
		46DB08A927B4E89E0043D57F /* InternationalizationTestUITests */ = {
			isa = PBXGroup;
			children = (
				46DB08AA27B4E89E0043D57F /* InternationalizationTestUITests.swift */,
				46DB08AC27B4E89E0043D57F /* InternationalizationTestUITestsLaunchTests.swift */,
			);
			path = InternationalizationTestUITests;
			sourceTree = "<group>";
		};
		46FB99AC27E99C8600FA6053 /* Packages */ = {
			isa = PBXGroup;
			children = (
				46FB99AD27E99C8600FA6053 /* Common */,
			);
			name = Packages;
			sourceTree = "<group>";
		};
		46FB99AE27E99D2100FA6053 /* Frameworks */ = {
			isa = PBXGroup;
			children = (
			);
			name = Frameworks;
			sourceTree = "<group>";
		};
/* End PBXGroup section */

/* Begin PBXNativeTarget section */
		46DB088527B4E89B0043D57F /* InternationalizationTest */ = {
			isa = PBXNativeTarget;
			buildConfigurationList = 46DB08B027B4E89E0043D57F /* Build configuration list for PBXNativeTarget "InternationalizationTest" */;
			buildPhases = (
				46DB088227B4E89B0043D57F /* Sources */,
				46DB088327B4E89B0043D57F /* Frameworks */,
				46DB088427B4E89B0043D57F /* Resources */,
			);
			buildRules = (
			);
			dependencies = (
			);
			name = InternationalizationTest;
			packageProductDependencies = (
				46FB99AF27E99D2100FA6053 /* Common */,
			);
			productName = InternationalizationTest;
			productReference = 46DB088627B4E89B0043D57F /* InternationalizationTest.app */;
			productType = "com.apple.product-type.application";
		};
		46DB089B27B4E89D0043D57F /* InternationalizationTestTests */ = {
			isa = PBXNativeTarget;
			buildConfigurationList = 46DB08B327B4E89E0043D57F /* Build configuration list for PBXNativeTarget "InternationalizationTestTests" */;
			buildPhases = (
				46DB089827B4E89D0043D57F /* Sources */,
				46DB089927B4E89D0043D57F /* Frameworks */,
				46DB089A27B4E89D0043D57F /* Resources */,
			);
			buildRules = (
			);
			dependencies = (
				46DB089E27B4E89D0043D57F /* PBXTargetDependency */,
			);
			name = InternationalizationTestTests;
			productName = InternationalizationTestTests;
			productReference = 46DB089C27B4E89D0043D57F /* InternationalizationTestTests.xctest */;
			productType = "com.apple.product-type.bundle.unit-test";
		};
		46DB08A527B4E89E0043D57F /* InternationalizationTestUITests */ = {
			isa = PBXNativeTarget;
			buildConfigurationList = 46DB08B627B4E89E0043D57F /* Build configuration list for PBXNativeTarget "InternationalizationTestUITests" */;
			buildPhases = (
				46DB08A227B4E89E0043D57F /* Sources */,
				46DB08A327B4E89E0043D57F /* Frameworks */,
				46DB08A427B4E89E0043D57F /* Resources */,
			);
			buildRules = (
			);
			dependencies = (
				46DB08A827B4E89E0043D57F /* PBXTargetDependency */,
			);
			name = InternationalizationTestUITests;
			productName = InternationalizationTestUITests;
			productReference = 46DB08A627B4E89E0043D57F /* InternationalizationTestUITests.xctest */;
			productType = "com.apple.product-type.bundle.ui-testing";
		};
/* End PBXNativeTarget section */

/* Begin PBXProject section */
		46DB087E27B4E89B0043D57F /* Project object */ = {
			isa = PBXProject;
			attributes = {
				BuildIndependentTargetsInParallel = 1;
				LastSwiftUpdateCheck = 1320;
				LastUpgradeCheck = 1320;
				TargetAttributes = {
					46DB088527B4E89B0043D57F = {
						CreatedOnToolsVersion = 13.2.1;
					};
					46DB089B27B4E89D0043D57F = {
						CreatedOnToolsVersion = 13.2.1;
						TestTargetID = 46DB088527B4E89B0043D57F;
					};
					46DB08A527B4E89E0043D57F = {
						CreatedOnToolsVersion = 13.2.1;
						TestTargetID = 46DB088527B4E89B0043D57F;
					};
				};
			};
			buildConfigurationList = 46DB088127B4E89B0043D57F /* Build configuration list for PBXProject "InternationalizationTest" */;
			compatibilityVersion = "Xcode 13.0";
			developmentRegion = en;
			hasScannedForEncodings = 0;
			knownRegions = (
				en,
				Base,
			);
			mainGroup = 46DB087D27B4E89B0043D57F;
			productRefGroup = 46DB088727B4E89B0043D57F /* Products */;
			projectDirPath = "";
			projectRoot = "";
			targets = (
				46DB088527B4E89B0043D57F /* InternationalizationTest */,
				46DB089B27B4E89D0043D57F /* InternationalizationTestTests */,
				46DB08A527B4E89E0043D57F /* InternationalizationTestUITests */,
			);
		};
/* End PBXProject section */

/* Begin PBXResourcesBuildPhase section */
		46DB088427B4E89B0043D57F /* Resources */ = {
			isa = PBXResourcesBuildPhase;
			buildActionMask = 2147483647;
			files = (
				46DB089627B4E89D0043D57F /* LaunchScreen.storyboard in Resources */,
				46DB08C127B4F7FF0043D57F /* main.strings in Resources */,
				46DB089327B4E89D0043D57F /* Assets.xcassets in Resources */,
				46DB089127B4E89B0043D57F /* Main.storyboard in Resources */,
			);
			runOnlyForDeploymentPostprocessing = 0;
		};
		46DB089A27B4E89D0043D57F /* Resources */ = {
			isa = PBXResourcesBuildPhase;
			buildActionMask = 2147483647;
			files = (
			);
			runOnlyForDeploymentPostprocessing = 0;
		};
		46DB08A427B4E89E0043D57F /* Resources */ = {
			isa = PBXResourcesBuildPhase;
			buildActionMask = 2147483647;
			files = (
			);
			runOnlyForDeploymentPostprocessing = 0;
		};
/* End PBXResourcesBuildPhase section */

/* Begin PBXSourcesBuildPhase section */
		46DB088227B4E89B0043D57F /* Sources */ = {
			isa = PBXSourcesBuildPhase;
			buildActionMask = 2147483647;
			files = (
				463BCE662801348E00C29EE0 /* GradientBorderedLabelView.swift in Sources */,
				46DB088E27B4E89B0043D57F /* ViewController.swift in Sources */,
				46DB088A27B4E89B0043D57F /* AppDelegate.swift in Sources */,
				46DB088C27B4E89B0043D57F /* SceneDelegate.swift in Sources */,
				466FB02827E97B450072E8D6 /* FloatLayoutView.swift in Sources */,
				46DB08C327B4FC320043D57F /* genstrings.swift in Sources */,
				465EFB9027E099D100DD4C60 /* NetWork.swift in Sources */,
			);
			runOnlyForDeploymentPostprocessing = 0;
		};
		46DB089827B4E89D0043D57F /* Sources */ = {
			isa = PBXSourcesBuildPhase;
			buildActionMask = 2147483647;
			files = (
				46DB08A127B4E89D0043D57F /* InternationalizationTestTests.swift in Sources */,
			);
			runOnlyForDeploymentPostprocessing = 0;
		};
		46DB08A227B4E89E0043D57F /* Sources */ = {
			isa = PBXSourcesBuildPhase;
			buildActionMask = 2147483647;
			files = (
				46DB08AD27B4E89E0043D57F /* InternationalizationTestUITestsLaunchTests.swift in Sources */,
				46DB08AB27B4E89E0043D57F /* InternationalizationTestUITests.swift in Sources */,
			);
			runOnlyForDeploymentPostprocessing = 0;
		};
/* End PBXSourcesBuildPhase section */

/* Begin PBXTargetDependency section */
		46DB089E27B4E89D0043D57F /* PBXTargetDependency */ = {
			isa = PBXTargetDependency;
			target = 46DB088527B4E89B0043D57F /* InternationalizationTest */;
			targetProxy = 46DB089D27B4E89D0043D57F /* PBXContainerItemProxy */;
		};
		46DB08A827B4E89E0043D57F /* PBXTargetDependency */ = {
			isa = PBXTargetDependency;
			target = 46DB088527B4E89B0043D57F /* InternationalizationTest */;
			targetProxy = 46DB08A727B4E89E0043D57F /* PBXContainerItemProxy */;
		};
/* End PBXTargetDependency section */

/* Begin PBXVariantGroup section */
		46DB088F27B4E89B0043D57F /* Main.storyboard */ = {
			isa = PBXVariantGroup;
			children = (
				46DB089027B4E89B0043D57F /* Base */,
			);
			name = Main.storyboard;
			sourceTree = "<group>";
		};
		46DB089427B4E89D0043D57F /* LaunchScreen.storyboard */ = {
			isa = PBXVariantGroup;
			children = (
				46DB089527B4E89D0043D57F /* Base */,
			);
			name = LaunchScreen.storyboard;
			sourceTree = "<group>";
		};
		46DB08BF27B4F7FF0043D57F /* main.strings */ = {
			isa = PBXVariantGroup;
			children = (
				46DB08C027B4F7FF0043D57F /* en */,
			);
			name = main.strings;
			sourceTree = "<group>";
		};
/* End PBXVariantGroup section */

/* Begin XCBuildConfiguration section */
		46DB08AE27B4E89E0043D57F /* Debug */ = {
			isa = XCBuildConfiguration;
			buildSettings = {
				ALWAYS_SEARCH_USER_PATHS = NO;
				CLANG_ANALYZER_NONNULL = YES;
				CLANG_ANALYZER_NUMBER_OBJECT_CONVERSION = YES_AGGRESSIVE;
				CLANG_CXX_LANGUAGE_STANDARD = "gnu++17";
				CLANG_CXX_LIBRARY = "libc++";
				CLANG_ENABLE_MODULES = YES;
				CLANG_ENABLE_OBJC_ARC = YES;
				CLANG_ENABLE_OBJC_WEAK = YES;
				CLANG_WARN_BLOCK_CAPTURE_AUTORELEASING = YES;
				CLANG_WARN_BOOL_CONVERSION = YES;
				CLANG_WARN_COMMA = YES;
				CLANG_WARN_CONSTANT_CONVERSION = YES;
				CLANG_WARN_DEPRECATED_OBJC_IMPLEMENTATIONS = YES;
				CLANG_WARN_DIRECT_OBJC_ISA_USAGE = YES_ERROR;
				CLANG_WARN_DOCUMENTATION_COMMENTS = YES;
				CLANG_WARN_EMPTY_BODY = YES;
				CLANG_WARN_ENUM_CONVERSION = YES;
				CLANG_WARN_INFINITE_RECURSION = YES;
				CLANG_WARN_INT_CONVERSION = YES;
				CLANG_WARN_NON_LITERAL_NULL_CONVERSION = YES;
				CLANG_WARN_OBJC_IMPLICIT_RETAIN_SELF = YES;
				CLANG_WARN_OBJC_LITERAL_CONVERSION = YES;
				CLANG_WARN_OBJC_ROOT_CLASS = YES_ERROR;
				CLANG_WARN_QUOTED_INCLUDE_IN_FRAMEWORK_HEADER = YES;
				CLANG_WARN_RANGE_LOOP_ANALYSIS = YES;
				CLANG_WARN_STRICT_PROTOTYPES = YES;
				CLANG_WARN_SUSPICIOUS_MOVE = YES;
				CLANG_WARN_UNGUARDED_AVAILABILITY = YES_AGGRESSIVE;
				CLANG_WARN_UNREACHABLE_CODE = YES;
				CLANG_WARN__DUPLICATE_METHOD_MATCH = YES;
				COPY_PHASE_STRIP = NO;
				DEBUG_INFORMATION_FORMAT = dwarf;
				ENABLE_STRICT_OBJC_MSGSEND = YES;
				ENABLE_TESTABILITY = YES;
				GCC_C_LANGUAGE_STANDARD = gnu11;
				GCC_DYNAMIC_NO_PIC = NO;
				GCC_NO_COMMON_BLOCKS = YES;
				GCC_OPTIMIZATION_LEVEL = 0;
				GCC_PREPROCESSOR_DEFINITIONS = (
					"DEBUG=1",
					"$(inherited)",
				);
				GCC_WARN_64_TO_32_BIT_CONVERSION = YES;
				GCC_WARN_ABOUT_RETURN_TYPE = YES_ERROR;
				GCC_WARN_UNDECLARED_SELECTOR = YES;
				GCC_WARN_UNINITIALIZED_AUTOS = YES_AGGRESSIVE;
				GCC_WARN_UNUSED_FUNCTION = YES;
				GCC_WARN_UNUSED_VARIABLE = YES;
				IPHONEOS_DEPLOYMENT_TARGET = 15.2;
				MTL_ENABLE_DEBUG_INFO = INCLUDE_SOURCE;
				MTL_FAST_MATH = YES;
				ONLY_ACTIVE_ARCH = YES;
				SDKROOT = iphoneos;
				SWIFT_ACTIVE_COMPILATION_CONDITIONS = DEBUG;
				SWIFT_OPTIMIZATION_LEVEL = "-Onone";
			};
			name = Debug;
		};
		46DB08AF27B4E89E0043D57F /* Release */ = {
			isa = XCBuildConfiguration;
			buildSettings = {
				ALWAYS_SEARCH_USER_PATHS = NO;
				CLANG_ANALYZER_NONNULL = YES;
				CLANG_ANALYZER_NUMBER_OBJECT_CONVERSION = YES_AGGRESSIVE;
				CLANG_CXX_LANGUAGE_STANDARD = "gnu++17";
				CLANG_CXX_LIBRARY = "libc++";
				CLANG_ENABLE_MODULES = YES;
				CLANG_ENABLE_OBJC_ARC = YES;
				CLANG_ENABLE_OBJC_WEAK = YES;
				CLANG_WARN_BLOCK_CAPTURE_AUTORELEASING = YES;
				CLANG_WARN_BOOL_CONVERSION = YES;
				CLANG_WARN_COMMA = YES;
				CLANG_WARN_CONSTANT_CONVERSION = YES;
				CLANG_WARN_DEPRECATED_OBJC_IMPLEMENTATIONS = YES;
				CLANG_WARN_DIRECT_OBJC_ISA_USAGE = YES_ERROR;
				CLANG_WARN_DOCUMENTATION_COMMENTS = YES;
				CLANG_WARN_EMPTY_BODY = YES;
				CLANG_WARN_ENUM_CONVERSION = YES;
				CLANG_WARN_INFINITE_RECURSION = YES;
				CLANG_WARN_INT_CONVERSION = YES;
				CLANG_WARN_NON_LITERAL_NULL_CONVERSION = YES;
				CLANG_WARN_OBJC_IMPLICIT_RETAIN_SELF = YES;
				CLANG_WARN_OBJC_LITERAL_CONVERSION = YES;
				CLANG_WARN_OBJC_ROOT_CLASS = YES_ERROR;
				CLANG_WARN_QUOTED_INCLUDE_IN_FRAMEWORK_HEADER = YES;
				CLANG_WARN_RANGE_LOOP_ANALYSIS = YES;
				CLANG_WARN_STRICT_PROTOTYPES = YES;
				CLANG_WARN_SUSPICIOUS_MOVE = YES;
				CLANG_WARN_UNGUARDED_AVAILABILITY = YES_AGGRESSIVE;
				CLANG_WARN_UNREACHABLE_CODE = YES;
				CLANG_WARN__DUPLICATE_METHOD_MATCH = YES;
				COPY_PHASE_STRIP = NO;
				DEBUG_INFORMATION_FORMAT = "dwarf-with-dsym";
				ENABLE_NS_ASSERTIONS = NO;
				ENABLE_STRICT_OBJC_MSGSEND = YES;
				GCC_C_LANGUAGE_STANDARD = gnu11;
				GCC_NO_COMMON_BLOCKS = YES;
				GCC_WARN_64_TO_32_BIT_CONVERSION = YES;
				GCC_WARN_ABOUT_RETURN_TYPE = YES_ERROR;
				GCC_WARN_UNDECLARED_SELECTOR = YES;
				GCC_WARN_UNINITIALIZED_AUTOS = YES_AGGRESSIVE;
				GCC_WARN_UNUSED_FUNCTION = YES;
				GCC_WARN_UNUSED_VARIABLE = YES;
				IPHONEOS_DEPLOYMENT_TARGET = 15.2;
				MTL_ENABLE_DEBUG_INFO = NO;
				MTL_FAST_MATH = YES;
				SDKROOT = iphoneos;
				SWIFT_COMPILATION_MODE = wholemodule;
				SWIFT_OPTIMIZATION_LEVEL = "-O";
				VALIDATE_PRODUCT = YES;
			};
			name = Release;
		};
		46DB08B127B4E89E0043D57F /* Debug */ = {
			isa = XCBuildConfiguration;
			buildSettings = {
				ASSETCATALOG_COMPILER_APPICON_NAME = AppIcon;
				ASSETCATALOG_COMPILER_GLOBAL_ACCENT_COLOR_NAME = AccentColor;
				CODE_SIGN_ENTITLEMENTS = InternationalizationTest/InternationalizationTest.entitlements;
				CODE_SIGN_STYLE = Automatic;
				CURRENT_PROJECT_VERSION = 1;
				DEVELOPMENT_TEAM = BV438343FU;
				GENERATE_INFOPLIST_FILE = YES;
				INFOPLIST_FILE = InternationalizationTest/Info.plist;
				INFOPLIST_KEY_NSPhotoLibraryUsageDescription = "的21231231231312";
				INFOPLIST_KEY_UIApplicationSupportsIndirectInputEvents = YES;
				INFOPLIST_KEY_UILaunchStoryboardName = LaunchScreen;
				INFOPLIST_KEY_UIMainStoryboardFile = Main;
				INFOPLIST_KEY_UISupportedInterfaceOrientations_iPad = "UIInterfaceOrientationPortrait UIInterfaceOrientationPortraitUpsideDown UIInterfaceOrientationLandscapeLeft UIInterfaceOrientationLandscapeRight";
				INFOPLIST_KEY_UISupportedInterfaceOrientations_iPhone = "UIInterfaceOrientationPortrait UIInterfaceOrientationLandscapeLeft UIInterfaceOrientationLandscapeRight";
				IPHONEOS_DEPLOYMENT_TARGET = 14.6;
				LD_RUNPATH_SEARCH_PATHS = (
					"$(inherited)",
					"@executable_path/Frameworks",
				);
				MARKETING_VERSION = 1.0;
				PRODUCT_BUNDLE_IDENTIFIER = cn.haiwai.l10n.InternationalizationTest;
				PRODUCT_NAME = "$(TARGET_NAME)";
				SWIFT_EMIT_LOC_STRINGS = YES;
				SWIFT_VERSION = 5.0;
				TARGETED_DEVICE_FAMILY = "1,2";
			};
			name = Debug;
		};
		46DB08B227B4E89E0043D57F /* Release */ = {
			isa = XCBuildConfiguration;
			buildSettings = {
				ASSETCATALOG_COMPILER_APPICON_NAME = AppIcon;
				ASSETCATALOG_COMPILER_GLOBAL_ACCENT_COLOR_NAME = AccentColor;
				CODE_SIGN_ENTITLEMENTS = InternationalizationTest/InternationalizationTest.entitlements;
				CODE_SIGN_STYLE = Automatic;
				CURRENT_PROJECT_VERSION = 1;
				DEVELOPMENT_TEAM = BV438343FU;
				GENERATE_INFOPLIST_FILE = YES;
				INFOPLIST_FILE = InternationalizationTest/Info.plist;
				INFOPLIST_KEY_NSPhotoLibraryUsageDescription = "的21231231231312";
				INFOPLIST_KEY_UIApplicationSupportsIndirectInputEvents = YES;
				INFOPLIST_KEY_UILaunchStoryboardName = LaunchScreen;
				INFOPLIST_KEY_UIMainStoryboardFile = Main;
				INFOPLIST_KEY_UISupportedInterfaceOrientations_iPad = "UIInterfaceOrientationPortrait UIInterfaceOrientationPortraitUpsideDown UIInterfaceOrientationLandscapeLeft UIInterfaceOrientationLandscapeRight";
				INFOPLIST_KEY_UISupportedInterfaceOrientations_iPhone = "UIInterfaceOrientationPortrait UIInterfaceOrientationLandscapeLeft UIInterfaceOrientationLandscapeRight";
				IPHONEOS_DEPLOYMENT_TARGET = 14.6;
				LD_RUNPATH_SEARCH_PATHS = (
					"$(inherited)",
					"@executable_path/Frameworks",
				);
				MARKETING_VERSION = 1.0;
				PRODUCT_BUNDLE_IDENTIFIER = cn.haiwai.l10n.InternationalizationTest;
				PRODUCT_NAME = "$(TARGET_NAME)";
				SWIFT_EMIT_LOC_STRINGS = YES;
				SWIFT_VERSION = 5.0;
				TARGETED_DEVICE_FAMILY = "1,2";
			};
			name = Release;
		};
		46DB08B427B4E89E0043D57F /* Debug */ = {
			isa = XCBuildConfiguration;
			buildSettings = {
				ALWAYS_EMBED_SWIFT_STANDARD_LIBRARIES = YES;
				BUNDLE_LOADER = "$(TEST_HOST)";
				CODE_SIGN_STYLE = Automatic;
				CURRENT_PROJECT_VERSION = 1;
				DEVELOPMENT_TEAM = BV438343FU;
				GENERATE_INFOPLIST_FILE = YES;
				IPHONEOS_DEPLOYMENT_TARGET = 15.2;
				MARKETING_VERSION = 1.0;
				PRODUCT_BUNDLE_IDENTIFIER = cn.haiwai.l10n.InternationalizationTestTests;
				PRODUCT_NAME = "$(TARGET_NAME)";
				SWIFT_EMIT_LOC_STRINGS = NO;
				SWIFT_VERSION = 5.0;
				TARGETED_DEVICE_FAMILY = "1,2";
				TEST_HOST = "$(BUILT_PRODUCTS_DIR)/InternationalizationTest.app/InternationalizationTest";
			};
			name = Debug;
		};
		46DB08B527B4E89E0043D57F /* Release */ = {
			isa = XCBuildConfiguration;
			buildSettings = {
				ALWAYS_EMBED_SWIFT_STANDARD_LIBRARIES = YES;
				BUNDLE_LOADER = "$(TEST_HOST)";
				CODE_SIGN_STYLE = Automatic;
				CURRENT_PROJECT_VERSION = 1;
				DEVELOPMENT_TEAM = BV438343FU;
				GENERATE_INFOPLIST_FILE = YES;
				IPHONEOS_DEPLOYMENT_TARGET = 15.2;
				MARKETING_VERSION = 1.0;
				PRODUCT_BUNDLE_IDENTIFIER = cn.haiwai.l10n.InternationalizationTestTests;
				PRODUCT_NAME = "$(TARGET_NAME)";
				SWIFT_EMIT_LOC_STRINGS = NO;
				SWIFT_VERSION = 5.0;
				TARGETED_DEVICE_FAMILY = "1,2";
				TEST_HOST = "$(BUILT_PRODUCTS_DIR)/InternationalizationTest.app/InternationalizationTest";
			};
			name = Release;
		};
		46DB08B727B4E89E0043D57F /* Debug */ = {
			isa = XCBuildConfiguration;
			buildSettings = {
				ALWAYS_EMBED_SWIFT_STANDARD_LIBRARIES = YES;
				CODE_SIGN_STYLE = Automatic;
				CURRENT_PROJECT_VERSION = 1;
				DEVELOPMENT_TEAM = BV438343FU;
				GENERATE_INFOPLIST_FILE = YES;
				MARKETING_VERSION = 1.0;
				PRODUCT_BUNDLE_IDENTIFIER = cn.haiwai.l10n.InternationalizationTestUITests;
				PRODUCT_NAME = "$(TARGET_NAME)";
				SWIFT_EMIT_LOC_STRINGS = NO;
				SWIFT_VERSION = 5.0;
				TARGETED_DEVICE_FAMILY = "1,2";
				TEST_TARGET_NAME = InternationalizationTest;
			};
			name = Debug;
		};
		46DB08B827B4E89E0043D57F /* Release */ = {
			isa = XCBuildConfiguration;
			buildSettings = {
				ALWAYS_EMBED_SWIFT_STANDARD_LIBRARIES = YES;
				CODE_SIGN_STYLE = Automatic;
				CURRENT_PROJECT_VERSION = 1;
				DEVELOPMENT_TEAM = BV438343FU;
				GENERATE_INFOPLIST_FILE = YES;
				MARKETING_VERSION = 1.0;
				PRODUCT_BUNDLE_IDENTIFIER = cn.haiwai.l10n.InternationalizationTestUITests;
				PRODUCT_NAME = "$(TARGET_NAME)";
				SWIFT_EMIT_LOC_STRINGS = NO;
				SWIFT_VERSION = 5.0;
				TARGETED_DEVICE_FAMILY = "1,2";
				TEST_TARGET_NAME = InternationalizationTest;
			};
			name = Release;
		};
/* End XCBuildConfiguration section */

/* Begin XCConfigurationList section */
		46DB088127B4E89B0043D57F /* Build configuration list for PBXProject "InternationalizationTest" */ = {
			isa = XCConfigurationList;
			buildConfigurations = (
				46DB08AE27B4E89E0043D57F /* Debug */,
				46DB08AF27B4E89E0043D57F /* Release */,
			);
			defaultConfigurationIsVisible = 0;
			defaultConfigurationName = Release;
		};
		46DB08B027B4E89E0043D57F /* Build configuration list for PBXNativeTarget "InternationalizationTest" */ = {
			isa = XCConfigurationList;
			buildConfigurations = (
				46DB08B127B4E89E0043D57F /* Debug */,
				46DB08B227B4E89E0043D57F /* Release */,
			);
			defaultConfigurationIsVisible = 0;
			defaultConfigurationName = Release;
		};
		46DB08B327B4E89E0043D57F /* Build configuration list for PBXNativeTarget "InternationalizationTestTests" */ = {
			isa = XCConfigurationList;
			buildConfigurations = (
				46DB08B427B4E89E0043D57F /* Debug */,
				46DB08B527B4E89E0043D57F /* Release */,
			);
			defaultConfigurationIsVisible = 0;
			defaultConfigurationName = Release;
		};
		46DB08B627B4E89E0043D57F /* Build configuration list for PBXNativeTarget "InternationalizationTestUITests" */ = {
			isa = XCConfigurationList;
			buildConfigurations = (
				46DB08B727B4E89E0043D57F /* Debug */,
				46DB08B827B4E89E0043D57F /* Release */,
			);
			defaultConfigurationIsVisible = 0;
			defaultConfigurationName = Release;
		};
/* End XCConfigurationList section */

/* Begin XCSwiftPackageProductDependency section */
		46FB99AF27E99D2100FA6053 /* Common */ = {
			isa = XCSwiftPackageProductDependency;
			productName = Common;
		};
/* End XCSwiftPackageProductDependency section */
	};
	rootObject = 46DB087E27B4E89B0043D57F /* Project object */;
}
